
Microsoft Visual Studio Solution File, Format Version 12.00
# Visual Studio Version 17
VisualStudioVersion = 17.11.35303.130
MinimumVisualStudioVersion = 10.0.40219.1
Project("{FAE04EC0-301F-11D3-BF4B-00C04F79EFBC}") = "CustomDataGridViewCheckboxColumn", "CustomDataGridViewCheckboxColumn\CustomDataGridViewCheckboxColumn.csproj", "{C4B48EFB-2050-4B74-8260-B6EDF1E2B756}"
EndProject
Global
	GlobalSection(SolutionConfigurationPlatforms) = preSolution
		Debug|Any CPU = Debug|Any CPU
		Release|Any CPU = Release|Any CPU
	EndGlobalSection
	GlobalSection(ProjectConfigurationPlatforms) = postSolution
		{C4B48EFB-2050-4B74-8260-B6EDF1E2B756}.Debug|Any CPU.ActiveCfg = Debug|Any CPU
		{C4B48EFB-2050-4B74-8260-B6EDF1E2B756}.Debug|Any CPU.Build.0 = Debug|Any CPU
		{C4B48EFB-2050-4B74-8260-B6EDF1E2B756}.Release|Any CPU.ActiveCfg = Release|Any CPU
		{C4B48EFB-2050-4B74-8260-B6EDF1E2B756}.Release|Any CPU.Build.0 = Release|Any CPU
	EndGlobalSection
	GlobalSection(SolutionProperties) = preSolution
		HideSolutionNode = FALSE
	EndGlobalSection
	GlobalSection(ExtensibilityGlobals) = postSolution
		SolutionGuid = {5C00E38E-E42D-451C-BD46-37557482965B}
	EndGlobalSection
EndGlobal
